
Microsoft Visual Studio Solution File, Format Version 12.00
# Visual Studio Version 17
VisualStudioVersion = 17.4.33403.182
MinimumVisualStudioVersion = 10.0.40219.1
Project("{9A19103F-16F7-4668-BE54-9A1E7A4F7556}") = "WinFormsApp1", "WinFormsApp1\WinFormsApp1.csproj", "{26BC2F55-3BD8-4809-988B-B9BDDFC5BC04}"
EndProject
Project("{2150E333-8FDC-42A3-9474-1A3956D46DE8}") = "Solution Items", "Solution Items", "{36E04278-B7DC-482D-980E-40039F51F3A8}"
	ProjectSection(SolutionItems) = preProject
		readme.md = readme.md
	EndProjectSection
EndProject
Project("{778DAE3C-4631-46EA-AA77-85C1314464D9}") = "WinFormsApp_vb", "WinFormsApp_vb\WinFormsApp_vb.vbproj", "{FADAD15C-2F39-44FA-8C18-FFC2A9AB0EBA}"
EndProject
Project("{9A19103F-16F7-4668-BE54-9A1E7A4F7556}") = "NorthWindCategories", "NorthWindCategories\NorthWindCategories.csproj", "{B91ADABA-E606-464F-B71F-41B38D0BDB6D}"
EndProject
Project("{FAE04EC0-301F-11D3-BF4B-00C04F79EFBC}") = "WindowsFormsApp1", "WindowsFormsApp1\WindowsFormsApp1.csproj", "{F5940807-CF58-4131-B7BF-5271F7326FB9}"
EndProject
Project("{FAE04EC0-301F-11D3-BF4B-00C04F79EFBC}") = "NorthWindCategoriesJson", "NorthWindCategoriesJson\NorthWindCategoriesJson.csproj", "{C9F12D5F-A5CE-44D3-A094-E94152DABE2F}"
EndProject
Global
	GlobalSection(SolutionConfigurationPlatforms) = preSolution
		Debug|Any CPU = Debug|Any CPU
		Release|Any CPU = Release|Any CPU
	EndGlobalSection
	GlobalSection(ProjectConfigurationPlatforms) = postSolution
		{26BC2F55-3BD8-4809-988B-B9BDDFC5BC04}.Debug|Any CPU.ActiveCfg = Debug|Any CPU
		{26BC2F55-3BD8-4809-988B-B9BDDFC5BC04}.Debug|Any CPU.Build.0 = Debug|Any CPU
		{26BC2F55-3BD8-4809-988B-B9BDDFC5BC04}.Release|Any CPU.ActiveCfg = Release|Any CPU
		{26BC2F55-3BD8-4809-988B-B9BDDFC5BC04}.Release|Any CPU.Build.0 = Release|Any CPU
		{FADAD15C-2F39-44FA-8C18-FFC2A9AB0EBA}.Debug|Any CPU.ActiveCfg = Debug|Any CPU
		{FADAD15C-2F39-44FA-8C18-FFC2A9AB0EBA}.Debug|Any CPU.Build.0 = Debug|Any CPU
		{FADAD15C-2F39-44FA-8C18-FFC2A9AB0EBA}.Release|Any CPU.ActiveCfg = Release|Any CPU
		{FADAD15C-2F39-44FA-8C18-FFC2A9AB0EBA}.Release|Any CPU.Build.0 = Release|Any CPU
		{B91ADABA-E606-464F-B71F-41B38D0BDB6D}.Debug|Any CPU.ActiveCfg = Debug|Any CPU
		{B91ADABA-E606-464F-B71F-41B38D0BDB6D}.Debug|Any CPU.Build.0 = Debug|Any CPU
		{B91ADABA-E606-464F-B71F-41B38D0BDB6D}.Release|Any CPU.ActiveCfg = Release|Any CPU
		{B91ADABA-E606-464F-B71F-41B38D0BDB6D}.Release|Any CPU.Build.0 = Release|Any CPU
		{F5940807-CF58-4131-B7BF-5271F7326FB9}.Debug|Any CPU.ActiveCfg = Debug|Any CPU
		{F5940807-CF58-4131-B7BF-5271F7326FB9}.Debug|Any CPU.Build.0 = Debug|Any CPU
		{F5940807-CF58-4131-B7BF-5271F7326FB9}.Release|Any CPU.ActiveCfg = Release|Any CPU
		{F5940807-CF58-4131-B7BF-5271F7326FB9}.Release|Any CPU.Build.0 = Release|Any CPU
		{C9F12D5F-A5CE-44D3-A094-E94152DABE2F}.Debug|Any CPU.ActiveCfg = Debug|Any CPU
		{C9F12D5F-A5CE-44D3-A094-E94152DABE2F}.Debug|Any CPU.Build.0 = Debug|Any CPU
		{C9F12D5F-A5CE-44D3-A094-E94152DABE2F}.Release|Any CPU.ActiveCfg = Release|Any CPU
		{C9F12D5F-A5CE-44D3-A094-E94152DABE2F}.Release|Any CPU.Build.0 = Release|Any CPU
	EndGlobalSection
	GlobalSection(SolutionProperties) = preSolution
		HideSolutionNode = FALSE
	EndGlobalSection
	GlobalSection(NestedProjects) = preSolution
		{C9F12D5F-A5CE-44D3-A094-E94152DABE2F} = {36E04278-B7DC-482D-980E-40039F51F3A8}
	EndGlobalSection
	GlobalSection(ExtensibilityGlobals) = postSolution
		SolutionGuid = {BC89B5D1-B731-4F5C-857C-D1A4645F49EC}
	EndGlobalSection
EndGlobal
